<Solution>
  <Folder Name="/src/">
    <Project Path="src/DragDropMaui/DragDropMaui.csproj" />
    <Project Path="src/DragDropShared/DragDropShared.csproj" />
    <Project Path="src/DragDropWinForms/DragDropWinForms.csproj" />
    <Project Path="src/DragDropWpf/DragDropWpf.csproj" />
  </Folder>
</Solution>
